
Microsoft Visual Studio Solution File, Format Version 12.00
# Visual Studio Version 17
VisualStudioVersion = 17.14.36414.22 d17.14
MinimumVisualStudioVersion = 10.0.40219.1
Project("{FAE04EC0-301F-11D3-BF4B-00C04F79EFBC}") = "HisabBook.API", "HisabBook.API\HisabBook.API.csproj", "{A2337263-361D-42F8-9FBA-129BC54755B1}"
EndProject
Project("{FAE04EC0-301F-11D3-BF4B-00C04F79EFBC}") = "HisabBook.DOMAIN", "HisabBook.DOMAIN\HisabBook.DOMAIN.csproj", "{EC70D172-CF28-4A7F-8E72-526D5F4839FB}"
EndProject
Project("{FAE04EC0-301F-11D3-BF4B-00C04F79EFBC}") = "HisabBook.APPLICATION", "HisabBook.APPLICATION\HisabBook.APPLICATION.csproj", "{C633B1DD-F4AB-4617-B029-56EFF6AF392C}"
EndProject
Project("{FAE04EC0-301F-11D3-BF4B-00C04F79EFBC}") = "HisabBook.PERSISTENCE", "HisabBook.BERSISTENCE\HisabBook.PERSISTENCE.csproj", "{D099BEC5-694D-49C7-8D00-C97E8B9162DF}"
EndProject
Global
	GlobalSection(SolutionConfigurationPlatforms) = preSolution
		Debug|Any CPU = Debug|Any CPU
		Release|Any CPU = Release|Any CPU
	EndGlobalSection
	GlobalSection(ProjectConfigurationPlatforms) = postSolution
		{A2337263-361D-42F8-9FBA-129BC54755B1}.Debug|Any CPU.ActiveCfg = Debug|Any CPU
		{A2337263-361D-42F8-9FBA-129BC54755B1}.Debug|Any CPU.Build.0 = Debug|Any CPU
		{A2337263-361D-42F8-9FBA-129BC54755B1}.Release|Any CPU.ActiveCfg = Release|Any CPU
		{A2337263-361D-42F8-9FBA-129BC54755B1}.Release|Any CPU.Build.0 = Release|Any CPU
		{EC70D172-CF28-4A7F-8E72-526D5F4839FB}.Debug|Any CPU.ActiveCfg = Debug|Any CPU
		{EC70D172-CF28-4A7F-8E72-526D5F4839FB}.Debug|Any CPU.Build.0 = Debug|Any CPU
		{EC70D172-CF28-4A7F-8E72-526D5F4839FB}.Release|Any CPU.ActiveCfg = Release|Any CPU
		{EC70D172-CF28-4A7F-8E72-526D5F4839FB}.Release|Any CPU.Build.0 = Release|Any CPU
		{C633B1DD-F4AB-4617-B029-56EFF6AF392C}.Debug|Any CPU.ActiveCfg = Debug|Any CPU
		{C633B1DD-F4AB-4617-B029-56EFF6AF392C}.Debug|Any CPU.Build.0 = Debug|Any CPU
		{C633B1DD-F4AB-4617-B029-56EFF6AF392C}.Release|Any CPU.ActiveCfg = Release|Any CPU
		{C633B1DD-F4AB-4617-B029-56EFF6AF392C}.Release|Any CPU.Build.0 = Release|Any CPU
		{D099BEC5-694D-49C7-8D00-C97E8B9162DF}.Debug|Any CPU.ActiveCfg = Debug|Any CPU
		{D099BEC5-694D-49C7-8D00-C97E8B9162DF}.Debug|Any CPU.Build.0 = Debug|Any CPU
		{D099BEC5-694D-49C7-8D00-C97E8B9162DF}.Release|Any CPU.ActiveCfg = Release|Any CPU
		{D099BEC5-694D-49C7-8D00-C97E8B9162DF}.Release|Any CPU.Build.0 = Release|Any CPU
	EndGlobalSection
	GlobalSection(SolutionProperties) = preSolution
		HideSolutionNode = FALSE
	EndGlobalSection
	GlobalSection(ExtensibilityGlobals) = postSolution
		SolutionGuid = {8A9F6D96-48F8-4419-99CE-84C74E7D1CE4}
	EndGlobalSection
EndGlobal
